// !$*UTF8*$!
{
	archiveVersion = 1;
	classes = {
	};
	objectVersion = 77;
	objects = {

/* Begin PBXContainerItemProxy section */
		37D861C72CCF8144002D85AA /* PBXContainerItemProxy */ = {
			isa = PBXContainerItemProxy;
			containerPortal = 37D861A82CCF8143002D85AA /* Project object */;
			proxyType = 1;
			remoteGlobalIDString = 37D861AF2CCF8143002D85AA;
			remoteInfo = fyle;
		};
		37D861D12CCF8144002D85AA /* PBXContainerItemProxy */ = {
			isa = PBXContainerItemProxy;
			containerPortal = 37D861A82CCF8143002D85AA /* Project object */;
			proxyType = 1;
			remoteGlobalIDString = 37D861AF2CCF8143002D85AA;
			remoteInfo = fyle;
		};
/* End PBXContainerItemProxy section */

/* Begin PBXFileReference section */
		37D861B02CCF8143002D85AA /* fyle.app */ = {isa = PBXFileReference; explicitFileType = wrapper.application; includeInIndex = 0; path = fyle.app; sourceTree = BUILT_PRODUCTS_DIR; };
		37D861C62CCF8144002D85AA /* fyleTests.xctest */ = {isa = PBXFileReference; explicitFileType = wrapper.cfbundle; includeInIndex = 0; path = fyleTests.xctest; sourceTree = BUILT_PRODUCTS_DIR; };
		37D861D02CCF8144002D85AA /* fyleUITests.xctest */ = {isa = PBXFileReference; explicitFileType = wrapper.cfbundle; includeInIndex = 0; path = fyleUITests.xctest; sourceTree = BUILT_PRODUCTS_DIR; };
/* End PBXFileReference section */

/* Begin PBXFileSystemSynchronizedBuildFileExceptionSet section */
		314055142CE9F545000C6901 /* Exceptions for "Resources" folder in "fyle" target */ = {
			isa = PBXFileSystemSynchronizedBuildFileExceptionSet;
			membershipExceptions = (
				Info.plist,
			);
			target = 37D861AF2CCF8143002D85AA /* fyle */;
		};
		3140551E2CE9F580000C6901 /* Exceptions for "Tests" folder in "fyle" target */ = {
			isa = PBXFileSystemSynchronizedBuildFileExceptionSet;
			membershipExceptions = (
				fyleTests/fyleTests.swift,
				fyleUITests/fyleUITests.swift,
				fyleUITests/fyleUITestsLaunchTests.swift,
			);
			target = 37D861AF2CCF8143002D85AA /* fyle */;
		};
		3140551F2CE9F580000C6901 /* Exceptions for "Tests" folder in "fyleTests" target */ = {
			isa = PBXFileSystemSynchronizedBuildFileExceptionSet;
			membershipExceptions = (
				fyleTests/fyleTests.swift,
			);
			target = 37D861C52CCF8144002D85AA /* fyleTests */;
		};
		314055202CE9F580000C6901 /* Exceptions for "Tests" folder in "fyleUITests" target */ = {
			isa = PBXFileSystemSynchronizedBuildFileExceptionSet;
			membershipExceptions = (
				fyleUITests/fyleUITests.swift,
				fyleUITests/fyleUITestsLaunchTests.swift,
			);
			target = 37D861CF2CCF8144002D85AA /* fyleUITests */;
		};
/* End PBXFileSystemSynchronizedBuildFileExceptionSet section */

/* Begin PBXFileSystemSynchronizedRootGroup section */
		314054F02CE9F302000C6901 /* Models */ = {
			isa = PBXFileSystemSynchronizedRootGroup;
			path = Models;
			sourceTree = "<group>";
		};
		314054FD2CE9F3C2000C6901 /* Services */ = {
			isa = PBXFileSystemSynchronizedRootGroup;
			path = Services;
			sourceTree = "<group>";
		};
		314055092CE9F444000C6901 /* ViewModels */ = {
			isa = PBXFileSystemSynchronizedRootGroup;
			path = ViewModels;
			sourceTree = "<group>";
		};
		314055132CE9F4D7000C6901 /* Resources */ = {
			isa = PBXFileSystemSynchronizedRootGroup;
			exceptions = (
				314055142CE9F545000C6901 /* Exceptions for "Resources" folder in "fyle" target */,
			);
			path = Resources;
			sourceTree = "<group>";
		};
		314055152CE9F570000C6901 /* Tests */ = {
			isa = PBXFileSystemSynchronizedRootGroup;
			exceptions = (
				3140551E2CE9F580000C6901 /* Exceptions for "Tests" folder in "fyle" target */,
				3140551F2CE9F580000C6901 /* Exceptions for "Tests" folder in "fyleTests" target */,
				314055202CE9F580000C6901 /* Exceptions for "Tests" folder in "fyleUITests" target */,
			);
			path = Tests;
			sourceTree = "<group>";
		};
		314055232CE9F5C6000C6901 /* App */ = {
			isa = PBXFileSystemSynchronizedRootGroup;
			path = App;
			sourceTree = "<group>";
		};
		314055252CE9F60E000C6901 /* Views */ = {
			isa = PBXFileSystemSynchronizedRootGroup;
			path = Views;
			sourceTree = "<group>";
		};
		37D861B22CCF8143002D85AA /* Storyboards */ = {
			isa = PBXFileSystemSynchronizedRootGroup;
			path = Storyboards;
			sourceTree = "<group>";
		};
/* End PBXFileSystemSynchronizedRootGroup section */

/* Begin PBXFrameworksBuildPhase section */
		37D861AD2CCF8143002D85AA /* Frameworks */ = {
			isa = PBXFrameworksBuildPhase;
			buildActionMask = 2147483647;
			files = (
			);
			runOnlyForDeploymentPostprocessing = 0;
		};
		37D861C32CCF8144002D85AA /* Frameworks */ = {
			isa = PBXFrameworksBuildPhase;
			buildActionMask = 2147483647;
			files = (
			);
			runOnlyForDeploymentPostprocessing = 0;
		};
		37D861CD2CCF8144002D85AA /* Frameworks */ = {
			isa = PBXFrameworksBuildPhase;
			buildActionMask = 2147483647;
			files = (
			);
			runOnlyForDeploymentPostprocessing = 0;
		};
/* End PBXFrameworksBuildPhase section */

/* Begin PBXGroup section */
		37D861A72CCF8143002D85AA = {
			isa = PBXGroup;
			children = (
				314055252CE9F60E000C6901 /* Views */,
				314054F02CE9F302000C6901 /* Models */,
				314054FD2CE9F3C2000C6901 /* Services */,
				314055092CE9F444000C6901 /* ViewModels */,
				314055132CE9F4D7000C6901 /* Resources */,
				37D861B22CCF8143002D85AA /* Storyboards */,
				314055232CE9F5C6000C6901 /* App */,
				314055152CE9F570000C6901 /* Tests */,
				37D861B12CCF8143002D85AA /* Products */,
			);
			sourceTree = "<group>";
		};
		37D861B12CCF8143002D85AA /* Products */ = {
			isa = PBXGroup;
			children = (
				37D861B02CCF8143002D85AA /* fyle.app */,
				37D861C62CCF8144002D85AA /* fyleTests.xctest */,
				37D861D02CCF8144002D85AA /* fyleUITests.xctest */,
			);
			name = Products;
			sourceTree = "<group>";
		};
/* End PBXGroup section */

/* Begin PBXNativeTarget section */
		37D861AF2CCF8143002D85AA /* fyle */ = {
			isa = PBXNativeTarget;
			buildConfigurationList = 37D861D92CCF8144002D85AA /* Build configuration list for PBXNativeTarget "fyle" */;
			buildPhases = (
				37D861AC2CCF8143002D85AA /* Sources */,
				37D861AD2CCF8143002D85AA /* Frameworks */,
				37D861AE2CCF8143002D85AA /* Resources */,
			);
			buildRules = (
			);
			dependencies = (
			);
			fileSystemSynchronizedGroups = (
				314054F02CE9F302000C6901 /* Models */,
				314054FD2CE9F3C2000C6901 /* Services */,
				314055092CE9F444000C6901 /* ViewModels */,
				314055132CE9F4D7000C6901 /* Resources */,
				314055152CE9F570000C6901 /* Tests */,
				314055232CE9F5C6000C6901 /* App */,
				314055252CE9F60E000C6901 /* Views */,
				37D861B22CCF8143002D85AA /* Storyboards */,
			);
			name = fyle;
			packageProductDependencies = (
			);
			productName = fyle;
			productReference = 37D861B02CCF8143002D85AA /* fyle.app */;
			productType = "com.apple.product-type.application";
		};
		37D861C52CCF8144002D85AA /* fyleTests */ = {
			isa = PBXNativeTarget;
			buildConfigurationList = 37D861DE2CCF8144002D85AA /* Build configuration list for PBXNativeTarget "fyleTests" */;
			buildPhases = (
				37D861C22CCF8144002D85AA /* Sources */,
				37D861C32CCF8144002D85AA /* Frameworks */,
				37D861C42CCF8144002D85AA /* Resources */,
			);
			buildRules = (
			);
			dependencies = (
				37D861C82CCF8144002D85AA /* PBXTargetDependency */,
			);
			name = fyleTests;
			packageProductDependencies = (
			);
			productName = fyleTests;
			productReference = 37D861C62CCF8144002D85AA /* fyleTests.xctest */;
			productType = "com.apple.product-type.bundle.unit-test";
		};
		37D861CF2CCF8144002D85AA /* fyleUITests */ = {
			isa = PBXNativeTarget;
			buildConfigurationList = 37D861E12CCF8144002D85AA /* Build configuration list for PBXNativeTarget "fyleUITests" */;
			buildPhases = (
				37D861CC2CCF8144002D85AA /* Sources */,
				37D861CD2CCF8144002D85AA /* Frameworks */,
				37D861CE2CCF8144002D85AA /* Resources */,
			);
			buildRules = (
			);
			dependencies = (
				37D861D22CCF8144002D85AA /* PBXTargetDependency */,
			);
			name = fyleUITests;
			packageProductDependencies = (
			);
			productName = fyleUITests;
			productReference = 37D861D02CCF8144002D85AA /* fyleUITests.xctest */;
			productType = "com.apple.product-type.bundle.ui-testing";
		};
/* End PBXNativeTarget section */

/* Begin PBXProject section */
		37D861A82CCF8143002D85AA /* Project object */ = {
			isa = PBXProject;
			attributes = {
				BuildIndependentTargetsInParallel = 1;
				LastSwiftUpdateCheck = 1600;
				LastUpgradeCheck = 1600;
				TargetAttributes = {
					37D861AF2CCF8143002D85AA = {
						CreatedOnToolsVersion = 16.0;
					};
					37D861C52CCF8144002D85AA = {
						CreatedOnToolsVersion = 16.0;
						TestTargetID = 37D861AF2CCF8143002D85AA;
					};
					37D861CF2CCF8144002D85AA = {
						CreatedOnToolsVersion = 16.0;
						TestTargetID = 37D861AF2CCF8143002D85AA;
					};
				};
			};
			buildConfigurationList = 37D861AB2CCF8143002D85AA /* Build configuration list for PBXProject "fyle" */;
			developmentRegion = en;
			hasScannedForEncodings = 0;
			knownRegions = (
				en,
				Base,
			);
			mainGroup = 37D861A72CCF8143002D85AA;
			minimizedProjectReferenceProxies = 1;
			preferredProjectObjectVersion = 77;
			productRefGroup = 37D861B12CCF8143002D85AA /* Products */;
			projectDirPath = "";
			projectRoot = "";
			targets = (
				37D861AF2CCF8143002D85AA /* fyle */,
				37D861C52CCF8144002D85AA /* fyleTests */,
				37D861CF2CCF8144002D85AA /* fyleUITests */,
			);
		};
/* End PBXProject section */

/* Begin PBXResourcesBuildPhase section */
		37D861AE2CCF8143002D85AA /* Resources */ = {
			isa = PBXResourcesBuildPhase;
			buildActionMask = 2147483647;
			files = (
			);
			runOnlyForDeploymentPostprocessing = 0;
		};
		37D861C42CCF8144002D85AA /* Resources */ = {
			isa = PBXResourcesBuildPhase;
			buildActionMask = 2147483647;
			files = (
			);
			runOnlyForDeploymentPostprocessing = 0;
		};
		37D861CE2CCF8144002D85AA /* Resources */ = {
			isa = PBXResourcesBuildPhase;
			buildActionMask = 2147483647;
			files = (
			);
			runOnlyForDeploymentPostprocessing = 0;
		};
/* End PBXResourcesBuildPhase section */

/* Begin PBXSourcesBuildPhase section */
		37D861AC2CCF8143002D85AA /* Sources */ = {
			isa = PBXSourcesBuildPhase;
			buildActionMask = 2147483647;
			files = (
			);
			runOnlyForDeploymentPostprocessing = 0;
		};
		37D861C22CCF8144002D85AA /* Sources */ = {
			isa = PBXSourcesBuildPhase;
			buildActionMask = 2147483647;
			files = (
			);
			runOnlyForDeploymentPostprocessing = 0;
		};
		37D861CC2CCF8144002D85AA /* Sources */ = {
			isa = PBXSourcesBuildPhase;
			buildActionMask = 2147483647;
			files = (
			);
			runOnlyForDeploymentPostprocessing = 0;
		};
/* End PBXSourcesBuildPhase section */

/* Begin PBXTargetDependency section */
		37D861C82CCF8144002D85AA /* PBXTargetDependency */ = {
			isa = PBXTargetDependency;
			target = 37D861AF2CCF8143002D85AA /* fyle */;
			targetProxy = 37D861C72CCF8144002D85AA /* PBXContainerItemProxy */;
		};
		37D861D22CCF8144002D85AA /* PBXTargetDependency */ = {
			isa = PBXTargetDependency;
			target = 37D861AF2CCF8143002D85AA /* fyle */;
			targetProxy = 37D861D12CCF8144002D85AA /* PBXContainerItemProxy */;
		};
/* End PBXTargetDependency section */

/* Begin XCBuildConfiguration section */
		37D861DA2CCF8144002D85AA /* Debug */ = {
			isa = XCBuildConfiguration;
			buildSettings = {
				ASSETCATALOG_COMPILER_APPICON_NAME = AppIcon;
				ASSETCATALOG_COMPILER_GLOBAL_ACCENT_COLOR_NAME = AccentColor;
				CODE_SIGN_STYLE = Automatic;
				CURRENT_PROJECT_VERSION = 1;
				DEVELOPMENT_TEAM = 86K9KU885Q;
				GENERATE_INFOPLIST_FILE = YES;
				INFOPLIST_FILE = Resources/Info.plist;
				INFOPLIST_KEY_UIApplicationSupportsIndirectInputEvents = YES;
				INFOPLIST_KEY_UILaunchStoryboardName = LaunchScreen;
				INFOPLIST_KEY_UIMainStoryboardFile = Main;
				INFOPLIST_KEY_UISupportedInterfaceOrientations_iPad = "UIInterfaceOrientationPortrait UIInterfaceOrientationPortraitUpsideDown UIInterfaceOrientationLandscapeLeft UIInterfaceOrientationLandscapeRight";
				INFOPLIST_KEY_UISupportedInterfaceOrientations_iPhone = "UIInterfaceOrientationPortrait UIInterfaceOrientationLandscapeLeft UIInterfaceOrientationLandscapeRight";
				LD_RUNPATH_SEARCH_PATHS = (
					"$(inherited)",
					"@executable_path/Frameworks",
				);
				MARKETING_VERSION = 1.0;
				PRODUCT_BUNDLE_IDENTIFIER = "batch2-team9.fyle";
				PRODUCT_NAME = "$(TARGET_NAME)";
				SWIFT_EMIT_LOC_STRINGS = YES;
				SWIFT_VERSION = 5.0;
				TARGETED_DEVICE_FAMILY = "1,2";
			};
			name = Debug;
		};
		37D861DB2CCF8144002D85AA /* Release */ = {
			isa = XCBuildConfiguration;
			buildSettings = {
				ASSETCATALOG_COMPILER_APPICON_NAME = AppIcon;
				ASSETCATALOG_COMPILER_GLOBAL_ACCENT_COLOR_NAME = AccentColor;
				CODE_SIGN_STYLE = Automatic;
				CURRENT_PROJECT_VERSION = 1;
				DEVELOPMENT_TEAM = 86K9KU885Q;
				GENERATE_INFOPLIST_FILE = YES;
				INFOPLIST_FILE = Resources/Info.plist;
				INFOPLIST_KEY_UIApplicationSupportsIndirectInputEvents = YES;
				INFOPLIST_KEY_UILaunchStoryboardName = LaunchScreen;
				INFOPLIST_KEY_UIMainStoryboardFile = Main;
				INFOPLIST_KEY_UISupportedInterfaceOrientations_iPad = "UIInterfaceOrientationPortrait UIInterfaceOrientationPortraitUpsideDown UIInterfaceOrientationLandscapeLeft UIInterfaceOrientationLandscapeRight";
				INFOPLIST_KEY_UISupportedInterfaceOrientations_iPhone = "UIInterfaceOrientationPortrait UIInterfaceOrientationLandscapeLeft UIInterfaceOrientationLandscapeRight";
				LD_RUNPATH_SEARCH_PATHS = (
					"$(inherited)",
					"@executable_path/Frameworks",
				);
				MARKETING_VERSION = 1.0;
				PRODUCT_BUNDLE_IDENTIFIER = "batch2-team9.fyle";
				PRODUCT_NAME = "$(TARGET_NAME)";
				SWIFT_EMIT_LOC_STRINGS = YES;
				SWIFT_VERSION = 5.0;
				TARGETED_DEVICE_FAMILY = "1,2";
			};
			name = Release;
		};
		37D861DC2CCF8144002D85AA /* Debug */ = {
			isa = XCBuildConfiguration;
			buildSettings = {
				ALWAYS_SEARCH_USER_PATHS = NO;
				ASSETCATALOG_COMPILER_GENERATE_SWIFT_ASSET_SYMBOL_EXTENSIONS = YES;
				CLANG_ANALYZER_NONNULL = YES;
				CLANG_ANALYZER_NUMBER_OBJECT_CONVERSION = YES_AGGRESSIVE;
				CLANG_CXX_LANGUAGE_STANDARD = "gnu++20";
				CLANG_ENABLE_MODULES = YES;
				CLANG_ENABLE_OBJC_ARC = YES;
				CLANG_ENABLE_OBJC_WEAK = YES;
				CLANG_WARN_BLOCK_CAPTURE_AUTORELEASING = YES;
				CLANG_WARN_BOOL_CONVERSION = YES;
				CLANG_WARN_COMMA = YES;
				CLANG_WARN_CONSTANT_CONVERSION = YES;
				CLANG_WARN_DEPRECATED_OBJC_IMPLEMENTATIONS = YES;
				CLANG_WARN_DIRECT_OBJC_ISA_USAGE = YES_ERROR;
				CLANG_WARN_DOCUMENTATION_COMMENTS = YES;
				CLANG_WARN_EMPTY_BODY = YES;
				CLANG_WARN_ENUM_CONVERSION = YES;
				CLANG_WARN_INFINITE_RECURSION = YES;
				CLANG_WARN_INT_CONVERSION = YES;
				CLANG_WARN_NON_LITERAL_NULL_CONVERSION = YES;
				CLANG_WARN_OBJC_IMPLICIT_RETAIN_SELF = YES;
				CLANG_WARN_OBJC_LITERAL_CONVERSION = YES;
				CLANG_WARN_OBJC_ROOT_CLASS = YES_ERROR;
				CLANG_WARN_QUOTED_INCLUDE_IN_FRAMEWORK_HEADER = YES;
				CLANG_WARN_RANGE_LOOP_ANALYSIS = YES;
				CLANG_WARN_STRICT_PROTOTYPES = YES;
				CLANG_WARN_SUSPICIOUS_MOVE = YES;
				CLANG_WARN_UNGUARDED_AVAILABILITY = YES_AGGRESSIVE;
				CLANG_WARN_UNREACHABLE_CODE = YES;
				CLANG_WARN__DUPLICATE_METHOD_MATCH = YES;
				COPY_PHASE_STRIP = NO;
				DEBUG_INFORMATION_FORMAT = dwarf;
				ENABLE_STRICT_OBJC_MSGSEND = YES;
				ENABLE_TESTABILITY = YES;
				ENABLE_USER_SCRIPT_SANDBOXING = YES;
				GCC_C_LANGUAGE_STANDARD = gnu17;
				GCC_DYNAMIC_NO_PIC = NO;
				GCC_NO_COMMON_BLOCKS = YES;
				GCC_OPTIMIZATION_LEVEL = 0;
				GCC_PREPROCESSOR_DEFINITIONS = (
					"DEBUG=1",
					"$(inherited)",
				);
				GCC_WARN_64_TO_32_BIT_CONVERSION = YES;
				GCC_WARN_ABOUT_RETURN_TYPE = YES_ERROR;
				GCC_WARN_UNDECLARED_SELECTOR = YES;
				GCC_WARN_UNINITIALIZED_AUTOS = YES_AGGRESSIVE;
				GCC_WARN_UNUSED_FUNCTION = YES;
				GCC_WARN_UNUSED_VARIABLE = YES;
				IPHONEOS_DEPLOYMENT_TARGET = 18.0;
				LOCALIZATION_PREFERS_STRING_CATALOGS = YES;
				MTL_ENABLE_DEBUG_INFO = INCLUDE_SOURCE;
				MTL_FAST_MATH = YES;
				ONLY_ACTIVE_ARCH = YES;
				SDKROOT = iphoneos;
				SWIFT_ACTIVE_COMPILATION_CONDITIONS = "DEBUG $(inherited)";
				SWIFT_OPTIMIZATION_LEVEL = "-Onone";
			};
			name = Debug;
		};
		37D861DD2CCF8144002D85AA /* Release */ = {
			isa = XCBuildConfiguration;
			buildSettings = {
				ALWAYS_SEARCH_USER_PATHS = NO;
				ASSETCATALOG_COMPILER_GENERATE_SWIFT_ASSET_SYMBOL_EXTENSIONS = YES;
				CLANG_ANALYZER_NONNULL = YES;
				CLANG_ANALYZER_NUMBER_OBJECT_CONVERSION = YES_AGGRESSIVE;
				CLANG_CXX_LANGUAGE_STANDARD = "gnu++20";
				CLANG_ENABLE_MODULES = YES;
				CLANG_ENABLE_OBJC_ARC = YES;
				CLANG_ENABLE_OBJC_WEAK = YES;
				CLANG_WARN_BLOCK_CAPTURE_AUTORELEASING = YES;
				CLANG_WARN_BOOL_CONVERSION = YES;
				CLANG_WARN_COMMA = YES;
				CLANG_WARN_CONSTANT_CONVERSION = YES;
				CLANG_WARN_DEPRECATED_OBJC_IMPLEMENTATIONS = YES;
				CLANG_WARN_DIRECT_OBJC_ISA_USAGE = YES_ERROR;
				CLANG_WARN_DOCUMENTATION_COMMENTS = YES;
				CLANG_WARN_EMPTY_BODY = YES;
				CLANG_WARN_ENUM_CONVERSION = YES;
				CLANG_WARN_INFINITE_RECURSION = YES;
				CLANG_WARN_INT_CONVERSION = YES;
				CLANG_WARN_NON_LITERAL_NULL_CONVERSION = YES;
				CLANG_WARN_OBJC_IMPLICIT_RETAIN_SELF = YES;
				CLANG_WARN_OBJC_LITERAL_CONVERSION = YES;
				CLANG_WARN_OBJC_ROOT_CLASS = YES_ERROR;
				CLANG_WARN_QUOTED_INCLUDE_IN_FRAMEWORK_HEADER = YES;
				CLANG_WARN_RANGE_LOOP_ANALYSIS = YES;
				CLANG_WARN_STRICT_PROTOTYPES = YES;
				CLANG_WARN_SUSPICIOUS_MOVE = YES;
				CLANG_WARN_UNGUARDED_AVAILABILITY = YES_AGGRESSIVE;
				CLANG_WARN_UNREACHABLE_CODE = YES;
				CLANG_WARN__DUPLICATE_METHOD_MATCH = YES;
				COPY_PHASE_STRIP = NO;
				DEBUG_INFORMATION_FORMAT = "dwarf-with-dsym";
				ENABLE_NS_ASSERTIONS = NO;
				ENABLE_STRICT_OBJC_MSGSEND = YES;
				ENABLE_USER_SCRIPT_SANDBOXING = YES;
				GCC_C_LANGUAGE_STANDARD = gnu17;
				GCC_NO_COMMON_BLOCKS = YES;
				GCC_WARN_64_TO_32_BIT_CONVERSION = YES;
				GCC_WARN_ABOUT_RETURN_TYPE = YES_ERROR;
				GCC_WARN_UNDECLARED_SELECTOR = YES;
				GCC_WARN_UNINITIALIZED_AUTOS = YES_AGGRESSIVE;
				GCC_WARN_UNUSED_FUNCTION = YES;
				GCC_WARN_UNUSED_VARIABLE = YES;
				IPHONEOS_DEPLOYMENT_TARGET = 18.0;
				LOCALIZATION_PREFERS_STRING_CATALOGS = YES;
				MTL_ENABLE_DEBUG_INFO = NO;
				MTL_FAST_MATH = YES;
				SDKROOT = iphoneos;
				SWIFT_COMPILATION_MODE = wholemodule;
				VALIDATE_PRODUCT = YES;
			};
			name = Release;
		};
		37D861DF2CCF8144002D85AA /* Debug */ = {
			isa = XCBuildConfiguration;
			buildSettings = {
				BUNDLE_LOADER = "$(TEST_HOST)";
				CODE_SIGN_STYLE = Automatic;
				CURRENT_PROJECT_VERSION = 1;
				DEVELOPMENT_TEAM = 86K9KU885Q;
				GENERATE_INFOPLIST_FILE = YES;
				IPHONEOS_DEPLOYMENT_TARGET = 18.0;
				MARKETING_VERSION = 1.0;
				PRODUCT_BUNDLE_IDENTIFIER = "batch2-team9.fyleTests";
				PRODUCT_NAME = "$(TARGET_NAME)";
				SWIFT_EMIT_LOC_STRINGS = NO;
				SWIFT_VERSION = 5.0;
				TARGETED_DEVICE_FAMILY = "1,2";
				TEST_HOST = "$(BUILT_PRODUCTS_DIR)/fyle.app/$(BUNDLE_EXECUTABLE_FOLDER_PATH)/fyle";
			};
			name = Debug;
		};
		37D861E02CCF8144002D85AA /* Release */ = {
			isa = XCBuildConfiguration;
			buildSettings = {
				BUNDLE_LOADER = "$(TEST_HOST)";
				CODE_SIGN_STYLE = Automatic;
				CURRENT_PROJECT_VERSION = 1;
				DEVELOPMENT_TEAM = 86K9KU885Q;
				GENERATE_INFOPLIST_FILE = YES;
				IPHONEOS_DEPLOYMENT_TARGET = 18.0;
				MARKETING_VERSION = 1.0;
				PRODUCT_BUNDLE_IDENTIFIER = "batch2-team9.fyleTests";
				PRODUCT_NAME = "$(TARGET_NAME)";
				SWIFT_EMIT_LOC_STRINGS = NO;
				SWIFT_VERSION = 5.0;
				TARGETED_DEVICE_FAMILY = "1,2";
				TEST_HOST = "$(BUILT_PRODUCTS_DIR)/fyle.app/$(BUNDLE_EXECUTABLE_FOLDER_PATH)/fyle";
			};
			name = Release;
		};
		37D861E22CCF8144002D85AA /* Debug */ = {
			isa = XCBuildConfiguration;
			buildSettings = {
				CODE_SIGN_STYLE = Automatic;
				CURRENT_PROJECT_VERSION = 1;
				DEVELOPMENT_TEAM = 86K9KU885Q;
				GENERATE_INFOPLIST_FILE = YES;
				MARKETING_VERSION = 1.0;
				PRODUCT_BUNDLE_IDENTIFIER = "batch2-team9.fyleUITests";
				PRODUCT_NAME = "$(TARGET_NAME)";
				SWIFT_EMIT_LOC_STRINGS = NO;
				SWIFT_VERSION = 5.0;
				TARGETED_DEVICE_FAMILY = "1,2";
				TEST_TARGET_NAME = fyle;
			};
			name = Debug;
		};
		37D861E32CCF8144002D85AA /* Release */ = {
			isa = XCBuildConfiguration;
			buildSettings = {
				CODE_SIGN_STYLE = Automatic;
				CURRENT_PROJECT_VERSION = 1;
				DEVELOPMENT_TEAM = 86K9KU885Q;
				GENERATE_INFOPLIST_FILE = YES;
				MARKETING_VERSION = 1.0;
				PRODUCT_BUNDLE_IDENTIFIER = "batch2-team9.fyleUITests";
				PRODUCT_NAME = "$(TARGET_NAME)";
				SWIFT_EMIT_LOC_STRINGS = NO;
				SWIFT_VERSION = 5.0;
				TARGETED_DEVICE_FAMILY = "1,2";
				TEST_TARGET_NAME = fyle;
			};
			name = Release;
		};
/* End XCBuildConfiguration section */

/* Begin XCConfigurationList section */
		37D861AB2CCF8143002D85AA /* Build configuration list for PBXProject "fyle" */ = {
			isa = XCConfigurationList;
			buildConfigurations = (
				37D861DC2CCF8144002D85AA /* Debug */,
				37D861DD2CCF8144002D85AA /* Release */,
			);
			defaultConfigurationIsVisible = 0;
			defaultConfigurationName = Release;
		};
		37D861D92CCF8144002D85AA /* Build configuration list for PBXNativeTarget "fyle" */ = {
			isa = XCConfigurationList;
			buildConfigurations = (
				37D861DA2CCF8144002D85AA /* Debug */,
				37D861DB2CCF8144002D85AA /* Release */,
			);
			defaultConfigurationIsVisible = 0;
			defaultConfigurationName = Release;
		};
		37D861DE2CCF8144002D85AA /* Build configuration list for PBXNativeTarget "fyleTests" */ = {
			isa = XCConfigurationList;
			buildConfigurations = (
				37D861DF2CCF8144002D85AA /* Debug */,
				37D861E02CCF8144002D85AA /* Release */,
			);
			defaultConfigurationIsVisible = 0;
			defaultConfigurationName = Release;
		};
		37D861E12CCF8144002D85AA /* Build configuration list for PBXNativeTarget "fyleUITests" */ = {
			isa = XCConfigurationList;
			buildConfigurations = (
				37D861E22CCF8144002D85AA /* Debug */,
				37D861E32CCF8144002D85AA /* Release */,
			);
			defaultConfigurationIsVisible = 0;
			defaultConfigurationName = Release;
		};
/* End XCConfigurationList section */
	};
	rootObject = 37D861A82CCF8143002D85AA /* Project object */;
}
